
Microsoft Visual Studio Solution File, Format Version 12.00
# Visual Studio Version 17
VisualStudioVersion = 17.8.34525.116
MinimumVisualStudioVersion = 10.0.40219.1
Project("{FAE04EC0-301F-11D3-BF4B-00C04F79EFBC}") = "Spear.Tests", "Spear.Tests\Spear.Tests.csproj", "{0876B74C-13F3-42AD-B31D-DC65CE03EBD9}"
EndProject
Project("{FAE04EC0-301F-11D3-BF4B-00C04F79EFBC}") = "Spear", "Spear\Spear.csproj", "{FB2262CF-21BD-1E82-9739-94D62958A6AE}"
EndProject
Project("{2150E333-8FDC-42A3-9474-1A3956D46DE8}") = "Workflows", "Workflows", "{02EA681E-C7D8-13C7-8484-4AC65E1B71E8}"
	ProjectSection(SolutionItems) = preProject
		..\.github\workflows\build.yml = ..\.github\workflows\build.yml
	EndProjectSection
EndProject
Project("{2150E333-8FDC-42A3-9474-1A3956D46DE8}") = "K8s", "K8s", "{5BFE8B70-4BD9-4DEF-AEAB-70C762D218DF}"
	ProjectSection(SolutionItems) = preProject
		..\k8s\base\spear-app-secrets.yaml = ..\k8s\base\spear-app-secrets.yaml
		..\k8s\base\spear-deployment.yaml = ..\k8s\base\spear-deployment.yaml
	EndProjectSection
EndProject
Global
	GlobalSection(SolutionConfigurationPlatforms) = preSolution
		Debug|Any CPU = Debug|Any CPU
		Release|Any CPU = Release|Any CPU
	EndGlobalSection
	GlobalSection(ProjectConfigurationPlatforms) = postSolution
		{0876B74C-13F3-42AD-B31D-DC65CE03EBD9}.Debug|Any CPU.ActiveCfg = Debug|Any CPU
		{0876B74C-13F3-42AD-B31D-DC65CE03EBD9}.Debug|Any CPU.Build.0 = Debug|Any CPU
		{0876B74C-13F3-42AD-B31D-DC65CE03EBD9}.Release|Any CPU.ActiveCfg = Release|Any CPU
		{0876B74C-13F3-42AD-B31D-DC65CE03EBD9}.Release|Any CPU.Build.0 = Release|Any CPU
		{FB2262CF-21BD-1E82-9739-94D62958A6AE}.Debug|Any CPU.ActiveCfg = Debug|Any CPU
		{FB2262CF-21BD-1E82-9739-94D62958A6AE}.Debug|Any CPU.Build.0 = Debug|Any CPU
		{FB2262CF-21BD-1E82-9739-94D62958A6AE}.Release|Any CPU.ActiveCfg = Release|Any CPU
		{FB2262CF-21BD-1E82-9739-94D62958A6AE}.Release|Any CPU.Build.0 = Release|Any CPU
	EndGlobalSection
	GlobalSection(SolutionProperties) = preSolution
		HideSolutionNode = FALSE
	EndGlobalSection
	GlobalSection(ExtensibilityGlobals) = postSolution
		SolutionGuid = {38FEFEBA-5679-4445-A819-92F443FF9DE2}
	EndGlobalSection
EndGlobal
